
Microsoft Visual Studio Solution File, Format Version 12.00
# Visual Studio Version 16
VisualStudioVersion = 16.0.32106.194
MinimumVisualStudioVersion = 10.0.40219.1
Project("{FAE04EC0-301F-11D3-BF4B-00C04F79EFBC}") = "imageviewer", "imageviewer\imageviewer.csproj", "{02AD122E-4AD4-4A88-BEE0-455FB4D71D54}"
EndProject
Global
	GlobalSection(SolutionConfigurationPlatforms) = preSolution
		Debug|Any CPU = Debug|Any CPU
		Release|Any CPU = Release|Any CPU
	EndGlobalSection
	GlobalSection(ProjectConfigurationPlatforms) = postSolution
		{02AD122E-4AD4-4A88-BEE0-455FB4D71D54}.Debug|Any CPU.ActiveCfg = Debug|Any CPU
		{02AD122E-4AD4-4A88-BEE0-455FB4D71D54}.Debug|Any CPU.Build.0 = Debug|Any CPU
		{02AD122E-4AD4-4A88-BEE0-455FB4D71D54}.Release|Any CPU.ActiveCfg = Release|Any CPU
		{02AD122E-4AD4-4A88-BEE0-455FB4D71D54}.Release|Any CPU.Build.0 = Release|Any CPU
	EndGlobalSection
	GlobalSection(SolutionProperties) = preSolution
		HideSolutionNode = FALSE
	EndGlobalSection
	GlobalSection(ExtensibilityGlobals) = postSolution
		SolutionGuid = {103C8968-C66C-4530-989F-206CD79D8981}
	EndGlobalSection
EndGlobal
